
Microsoft Visual Studio Solution File, Format Version 12.00
# Visual Studio 2012
Project("{FAE04EC0-301F-11D3-BF4B-00C04F79EFBC}") = "Art713.Win8App", "Art713.Win8App\Art713.Win8App.csproj", "{59D17AAF-1AC2-4241-9EAD-7770CEEFD278}"
	ProjectSection(ProjectDependencies) = postProject
		{D0A3C203-0300-471F-910C-857DA351F610} = {D0A3C203-0300-471F-910C-857DA351F610}
	EndProjectSection
EndProject
Project("{FAE04EC0-301F-11D3-BF4B-00C04F79EFBC}") = "ThemeApp", "ThemeApp\ThemeApp.csproj", "{D0A3C203-0300-471F-910C-857DA351F610}"
EndProject
Project("{FAE04EC0-301F-11D3-BF4B-00C04F79EFBC}") = "RssApp", "RssApp\RssApp.csproj", "{00F25030-8AD5-4977-BE52-85D1A16777A7}"
EndProject
Project("{FAE04EC0-301F-11D3-BF4B-00C04F79EFBC}") = "ControlsApp", "ControlsApp\ControlsApp.csproj", "{CD36A4A4-45A5-42D3-A96D-472129ADC23B}"
EndProject
Project("{FAE04EC0-301F-11D3-BF4B-00C04F79EFBC}") = "DownloadApp", "DownloadApp\DownloadApp.csproj", "{1A445617-A2D2-49E8-926A-146E135B5B1A}"
EndProject
Global
	GlobalSection(SolutionConfigurationPlatforms) = preSolution
		Debug|Any CPU = Debug|Any CPU
		Debug|ARM = Debug|ARM
		Debug|x64 = Debug|x64
		Debug|x86 = Debug|x86
		Release|Any CPU = Release|Any CPU
		Release|ARM = Release|ARM
		Release|x64 = Release|x64
		Release|x86 = Release|x86
	EndGlobalSection
	GlobalSection(ProjectConfigurationPlatforms) = postSolution
		{59D17AAF-1AC2-4241-9EAD-7770CEEFD278}.Debug|Any CPU.ActiveCfg = Debug|Any CPU
		{59D17AAF-1AC2-4241-9EAD-7770CEEFD278}.Debug|Any CPU.Build.0 = Debug|Any CPU
		{59D17AAF-1AC2-4241-9EAD-7770CEEFD278}.Debug|Any CPU.Deploy.0 = Debug|Any CPU
		{59D17AAF-1AC2-4241-9EAD-7770CEEFD278}.Debug|ARM.ActiveCfg = Debug|ARM
		{59D17AAF-1AC2-4241-9EAD-7770CEEFD278}.Debug|ARM.Build.0 = Debug|ARM
		{59D17AAF-1AC2-4241-9EAD-7770CEEFD278}.Debug|ARM.Deploy.0 = Debug|ARM
		{59D17AAF-1AC2-4241-9EAD-7770CEEFD278}.Debug|x64.ActiveCfg = Debug|x64
		{59D17AAF-1AC2-4241-9EAD-7770CEEFD278}.Debug|x64.Build.0 = Debug|x64
		{59D17AAF-1AC2-4241-9EAD-7770CEEFD278}.Debug|x64.Deploy.0 = Debug|x64
		{59D17AAF-1AC2-4241-9EAD-7770CEEFD278}.Debug|x86.ActiveCfg = Debug|x86
		{59D17AAF-1AC2-4241-9EAD-7770CEEFD278}.Debug|x86.Build.0 = Debug|x86
		{59D17AAF-1AC2-4241-9EAD-7770CEEFD278}.Debug|x86.Deploy.0 = Debug|x86
		{59D17AAF-1AC2-4241-9EAD-7770CEEFD278}.Release|Any CPU.ActiveCfg = Release|Any CPU
		{59D17AAF-1AC2-4241-9EAD-7770CEEFD278}.Release|Any CPU.Build.0 = Release|Any CPU
		{59D17AAF-1AC2-4241-9EAD-7770CEEFD278}.Release|Any CPU.Deploy.0 = Release|Any CPU
		{59D17AAF-1AC2-4241-9EAD-7770CEEFD278}.Release|ARM.ActiveCfg = Release|ARM
		{59D17AAF-1AC2-4241-9EAD-7770CEEFD278}.Release|ARM.Build.0 = Release|ARM
		{59D17AAF-1AC2-4241-9EAD-7770CEEFD278}.Release|ARM.Deploy.0 = Release|ARM
		{59D17AAF-1AC2-4241-9EAD-7770CEEFD278}.Release|x64.ActiveCfg = Release|x64
		{59D17AAF-1AC2-4241-9EAD-7770CEEFD278}.Release|x64.Build.0 = Release|x64
		{59D17AAF-1AC2-4241-9EAD-7770CEEFD278}.Release|x64.Deploy.0 = Release|x64
		{59D17AAF-1AC2-4241-9EAD-7770CEEFD278}.Release|x86.ActiveCfg = Release|x86
		{59D17AAF-1AC2-4241-9EAD-7770CEEFD278}.Release|x86.Build.0 = Release|x86
		{59D17AAF-1AC2-4241-9EAD-7770CEEFD278}.Release|x86.Deploy.0 = Release|x86
		{D0A3C203-0300-471F-910C-857DA351F610}.Debug|Any CPU.ActiveCfg = Debug|Any CPU
		{D0A3C203-0300-471F-910C-857DA351F610}.Debug|Any CPU.Build.0 = Debug|Any CPU
		{D0A3C203-0300-471F-910C-857DA351F610}.Debug|Any CPU.Deploy.0 = Debug|Any CPU
		{D0A3C203-0300-471F-910C-857DA351F610}.Debug|ARM.ActiveCfg = Debug|ARM
		{D0A3C203-0300-471F-910C-857DA351F610}.Debug|ARM.Build.0 = Debug|ARM
		{D0A3C203-0300-471F-910C-857DA351F610}.Debug|ARM.Deploy.0 = Debug|ARM
		{D0A3C203-0300-471F-910C-857DA351F610}.Debug|x64.ActiveCfg = Debug|x64
		{D0A3C203-0300-471F-910C-857DA351F610}.Debug|x64.Build.0 = Debug|x64
		{D0A3C203-0300-471F-910C-857DA351F610}.Debug|x64.Deploy.0 = Debug|x64
		{D0A3C203-0300-471F-910C-857DA351F610}.Debug|x86.ActiveCfg = Debug|x86
		{D0A3C203-0300-471F-910C-857DA351F610}.Debug|x86.Build.0 = Debug|x86
		{D0A3C203-0300-471F-910C-857DA351F610}.Debug|x86.Deploy.0 = Debug|x86
		{D0A3C203-0300-471F-910C-857DA351F610}.Release|Any CPU.ActiveCfg = Release|Any CPU
		{D0A3C203-0300-471F-910C-857DA351F610}.Release|Any CPU.Build.0 = Release|Any CPU
		{D0A3C203-0300-471F-910C-857DA351F610}.Release|Any CPU.Deploy.0 = Release|Any CPU
		{D0A3C203-0300-471F-910C-857DA351F610}.Release|ARM.ActiveCfg = Release|ARM
		{D0A3C203-0300-471F-910C-857DA351F610}.Release|ARM.Build.0 = Release|ARM
		{D0A3C203-0300-471F-910C-857DA351F610}.Release|ARM.Deploy.0 = Release|ARM
		{D0A3C203-0300-471F-910C-857DA351F610}.Release|x64.ActiveCfg = Release|x64
		{D0A3C203-0300-471F-910C-857DA351F610}.Release|x64.Build.0 = Release|x64
		{D0A3C203-0300-471F-910C-857DA351F610}.Release|x64.Deploy.0 = Release|x64
		{D0A3C203-0300-471F-910C-857DA351F610}.Release|x86.ActiveCfg = Release|x86
		{D0A3C203-0300-471F-910C-857DA351F610}.Release|x86.Build.0 = Release|x86
		{D0A3C203-0300-471F-910C-857DA351F610}.Release|x86.Deploy.0 = Release|x86
		{00F25030-8AD5-4977-BE52-85D1A16777A7}.Debug|Any CPU.ActiveCfg = Debug|Any CPU
		{00F25030-8AD5-4977-BE52-85D1A16777A7}.Debug|Any CPU.Build.0 = Debug|Any CPU
		{00F25030-8AD5-4977-BE52-85D1A16777A7}.Debug|Any CPU.Deploy.0 = Debug|Any CPU
		{00F25030-8AD5-4977-BE52-85D1A16777A7}.Debug|ARM.ActiveCfg = Debug|ARM
		{00F25030-8AD5-4977-BE52-85D1A16777A7}.Debug|ARM.Build.0 = Debug|ARM
		{00F25030-8AD5-4977-BE52-85D1A16777A7}.Debug|ARM.Deploy.0 = Debug|ARM
		{00F25030-8AD5-4977-BE52-85D1A16777A7}.Debug|x64.ActiveCfg = Debug|x64
		{00F25030-8AD5-4977-BE52-85D1A16777A7}.Debug|x64.Build.0 = Debug|x64
		{00F25030-8AD5-4977-BE52-85D1A16777A7}.Debug|x64.Deploy.0 = Debug|x64
		{00F25030-8AD5-4977-BE52-85D1A16777A7}.Debug|x86.ActiveCfg = Debug|x86
		{00F25030-8AD5-4977-BE52-85D1A16777A7}.Debug|x86.Build.0 = Debug|x86
		{00F25030-8AD5-4977-BE52-85D1A16777A7}.Debug|x86.Deploy.0 = Debug|x86
		{00F25030-8AD5-4977-BE52-85D1A16777A7}.Release|Any CPU.ActiveCfg = Release|Any CPU
		{00F25030-8AD5-4977-BE52-85D1A16777A7}.Release|Any CPU.Build.0 = Release|Any CPU
		{00F25030-8AD5-4977-BE52-85D1A16777A7}.Release|Any CPU.Deploy.0 = Release|Any CPU
		{00F25030-8AD5-4977-BE52-85D1A16777A7}.Release|ARM.ActiveCfg = Release|ARM
		{00F25030-8AD5-4977-BE52-85D1A16777A7}.Release|ARM.Build.0 = Release|ARM
		{00F25030-8AD5-4977-BE52-85D1A16777A7}.Release|ARM.Deploy.0 = Release|ARM
		{00F25030-8AD5-4977-BE52-85D1A16777A7}.Release|x64.ActiveCfg = Release|x64
		{00F25030-8AD5-4977-BE52-85D1A16777A7}.Release|x64.Build.0 = Release|x64
		{00F25030-8AD5-4977-BE52-85D1A16777A7}.Release|x64.Deploy.0 = Release|x64
		{00F25030-8AD5-4977-BE52-85D1A16777A7}.Release|x86.ActiveCfg = Release|x86
		{00F25030-8AD5-4977-BE52-85D1A16777A7}.Release|x86.Build.0 = Release|x86
		{00F25030-8AD5-4977-BE52-85D1A16777A7}.Release|x86.Deploy.0 = Release|x86
		{CD36A4A4-45A5-42D3-A96D-472129ADC23B}.Debug|Any CPU.ActiveCfg = Debug|Any CPU
		{CD36A4A4-45A5-42D3-A96D-472129ADC23B}.Debug|Any CPU.Build.0 = Debug|Any CPU
		{CD36A4A4-45A5-42D3-A96D-472129ADC23B}.Debug|Any CPU.Deploy.0 = Debug|Any CPU
		{CD36A4A4-45A5-42D3-A96D-472129ADC23B}.Debug|ARM.ActiveCfg = Debug|ARM
		{CD36A4A4-45A5-42D3-A96D-472129ADC23B}.Debug|ARM.Build.0 = Debug|ARM
		{CD36A4A4-45A5-42D3-A96D-472129ADC23B}.Debug|ARM.Deploy.0 = Debug|ARM
		{CD36A4A4-45A5-42D3-A96D-472129ADC23B}.Debug|x64.ActiveCfg = Debug|x64
		{CD36A4A4-45A5-42D3-A96D-472129ADC23B}.Debug|x64.Build.0 = Debug|x64
		{CD36A4A4-45A5-42D3-A96D-472129ADC23B}.Debug|x64.Deploy.0 = Debug|x64
		{CD36A4A4-45A5-42D3-A96D-472129ADC23B}.Debug|x86.ActiveCfg = Debug|x86
		{CD36A4A4-45A5-42D3-A96D-472129ADC23B}.Debug|x86.Build.0 = Debug|x86
		{CD36A4A4-45A5-42D3-A96D-472129ADC23B}.Debug|x86.Deploy.0 = Debug|x86
		{CD36A4A4-45A5-42D3-A96D-472129ADC23B}.Release|Any CPU.ActiveCfg = Release|Any CPU
		{CD36A4A4-45A5-42D3-A96D-472129ADC23B}.Release|Any CPU.Build.0 = Release|Any CPU
		{CD36A4A4-45A5-42D3-A96D-472129ADC23B}.Release|Any CPU.Deploy.0 = Release|Any CPU
		{CD36A4A4-45A5-42D3-A96D-472129ADC23B}.Release|ARM.ActiveCfg = Release|ARM
		{CD36A4A4-45A5-42D3-A96D-472129ADC23B}.Release|ARM.Build.0 = Release|ARM
		{CD36A4A4-45A5-42D3-A96D-472129ADC23B}.Release|ARM.Deploy.0 = Release|ARM
		{CD36A4A4-45A5-42D3-A96D-472129ADC23B}.Release|x64.ActiveCfg = Release|x64
		{CD36A4A4-45A5-42D3-A96D-472129ADC23B}.Release|x64.Build.0 = Release|x64
		{CD36A4A4-45A5-42D3-A96D-472129ADC23B}.Release|x64.Deploy.0 = Release|x64
		{CD36A4A4-45A5-42D3-A96D-472129ADC23B}.Release|x86.ActiveCfg = Release|x86
		{CD36A4A4-45A5-42D3-A96D-472129ADC23B}.Release|x86.Build.0 = Release|x86
		{CD36A4A4-45A5-42D3-A96D-472129ADC23B}.Release|x86.Deploy.0 = Release|x86
		{1A445617-A2D2-49E8-926A-146E135B5B1A}.Debug|Any CPU.ActiveCfg = Debug|Any CPU
		{1A445617-A2D2-49E8-926A-146E135B5B1A}.Debug|Any CPU.Build.0 = Debug|Any CPU
		{1A445617-A2D2-49E8-926A-146E135B5B1A}.Debug|Any CPU.Deploy.0 = Debug|Any CPU
		{1A445617-A2D2-49E8-926A-146E135B5B1A}.Debug|ARM.ActiveCfg = Debug|ARM
		{1A445617-A2D2-49E8-926A-146E135B5B1A}.Debug|ARM.Build.0 = Debug|ARM
		{1A445617-A2D2-49E8-926A-146E135B5B1A}.Debug|ARM.Deploy.0 = Debug|ARM
		{1A445617-A2D2-49E8-926A-146E135B5B1A}.Debug|x64.ActiveCfg = Debug|x64
		{1A445617-A2D2-49E8-926A-146E135B5B1A}.Debug|x64.Build.0 = Debug|x64
		{1A445617-A2D2-49E8-926A-146E135B5B1A}.Debug|x64.Deploy.0 = Debug|x64
		{1A445617-A2D2-49E8-926A-146E135B5B1A}.Debug|x86.ActiveCfg = Debug|x86
		{1A445617-A2D2-49E8-926A-146E135B5B1A}.Debug|x86.Build.0 = Debug|x86
		{1A445617-A2D2-49E8-926A-146E135B5B1A}.Debug|x86.Deploy.0 = Debug|x86
		{1A445617-A2D2-49E8-926A-146E135B5B1A}.Release|Any CPU.ActiveCfg = Release|Any CPU
		{1A445617-A2D2-49E8-926A-146E135B5B1A}.Release|Any CPU.Build.0 = Release|Any CPU
		{1A445617-A2D2-49E8-926A-146E135B5B1A}.Release|Any CPU.Deploy.0 = Release|Any CPU
		{1A445617-A2D2-49E8-926A-146E135B5B1A}.Release|ARM.ActiveCfg = Release|ARM
		{1A445617-A2D2-49E8-926A-146E135B5B1A}.Release|ARM.Build.0 = Release|ARM
		{1A445617-A2D2-49E8-926A-146E135B5B1A}.Release|ARM.Deploy.0 = Release|ARM
		{1A445617-A2D2-49E8-926A-146E135B5B1A}.Release|x64.ActiveCfg = Release|x64
		{1A445617-A2D2-49E8-926A-146E135B5B1A}.Release|x64.Build.0 = Release|x64
		{1A445617-A2D2-49E8-926A-146E135B5B1A}.Release|x64.Deploy.0 = Release|x64
		{1A445617-A2D2-49E8-926A-146E135B5B1A}.Release|x86.ActiveCfg = Release|x86
		{1A445617-A2D2-49E8-926A-146E135B5B1A}.Release|x86.Build.0 = Release|x86
		{1A445617-A2D2-49E8-926A-146E135B5B1A}.Release|x86.Deploy.0 = Release|x86
	EndGlobalSection
	GlobalSection(SolutionProperties) = preSolution
		HideSolutionNode = FALSE
	EndGlobalSection
EndGlobal
